
Microsoft Visual Studio Solution File, Format Version 12.00
# Visual Studio 15
Project("{FAE04EC0-301F-11D3-BF4B-00C04F79EFBC}") = "UnityEngine.UI", "UnityEngine.UI.csproj", "{D9FCCED8-709E-C128-ECFB-D1DADB2D60A2}"
EndProject
Project("{FAE04EC0-301F-11D3-BF4B-00C04F79EFBC}") = "UnityEngine.TestRunner", "UnityEngine.TestRunner.csproj", "{1AC6719C-9E93-3274-AA3C-D76CE9F3575D}"
EndProject
Project("{FAE04EC0-301F-11D3-BF4B-00C04F79EFBC}") = "Assembly-CSharp", "Assembly-CSharp.csproj", "{2D5ADA31-A5DE-B2FB-DAF9-1806B438BC4D}"
EndProject
Project("{FAE04EC0-301F-11D3-BF4B-00C04F79EFBC}") = "Unity.TextMeshPro", "Unity.TextMeshPro.csproj", "{3E61E62B-1516-55D3-5C2C-F4A05DE5175C}"
EndProject
Project("{FAE04EC0-301F-11D3-BF4B-00C04F79EFBC}") = "Unity.Timeline", "Unity.Timeline.csproj", "{FB25CC82-6B13-4A03-CB29-6A8B86AB32F4}"
EndProject
Project("{FAE04EC0-301F-11D3-BF4B-00C04F79EFBC}") = "Assembly-CSharp-firstpass", "Assembly-CSharp-firstpass.csproj", "{BDDB56A5-A269-31C5-F681-83930DD47D86}"
EndProject
Project("{FAE04EC0-301F-11D3-BF4B-00C04F79EFBC}") = "Unity.TextMeshPro.Editor", "Unity.TextMeshPro.Editor.csproj", "{CC1C4E5D-04AA-81F6-2FD1-287B5B3E22D8}"
EndProject
Project("{FAE04EC0-301F-11D3-BF4B-00C04F79EFBC}") = "Unity.Timeline.Editor", "Unity.Timeline.Editor.csproj", "{D44A64FB-B8DB-CB8F-8AF7-BF2907842E82}"
EndProject
Project("{FAE04EC0-301F-11D3-BF4B-00C04F79EFBC}") = "UnityEditor.TestRunner", "UnityEditor.TestRunner.csproj", "{09049B9C-5889-15E4-EF9D-685482E0F7E3}"
EndProject
Project("{FAE04EC0-301F-11D3-BF4B-00C04F79EFBC}") = "Assembly-CSharp-Editor-firstpass", "Assembly-CSharp-Editor-firstpass.csproj", "{5B571C8D-C008-29BF-DD38-9DD84884C1AC}"
EndProject
Project("{FAE04EC0-301F-11D3-BF4B-00C04F79EFBC}") = "UnityEditor.UI", "UnityEditor.UI.csproj", "{E9313D2D-D944-E668-EC0B-C1410623167B}"
EndProject
Project("{FAE04EC0-301F-11D3-BF4B-00C04F79EFBC}") = "Unity.Rider.Editor", "Unity.Rider.Editor.csproj", "{EEC3766E-2345-3433-831D-48229AA28BEC}"
EndProject
Project("{FAE04EC0-301F-11D3-BF4B-00C04F79EFBC}") = "Unity.CollabProxy.Editor", "Unity.CollabProxy.Editor.csproj", "{E0E1C2C9-7284-ED64-C72F-DE8D2C0FE4DB}"
EndProject
Project("{FAE04EC0-301F-11D3-BF4B-00C04F79EFBC}") = "Unity.VSCode.Editor", "Unity.VSCode.Editor.csproj", "{533BFB4F-2C43-6593-9432-0B2D2AAD39DF}"
EndProject
Global
	GlobalSection(SolutionConfigurationPlatforms) = preSolution
		Debug|Any CPU = Debug|Any CPU
		Release|Any CPU = Release|Any CPU
	EndGlobalSection
	GlobalSection(ProjectConfigurationPlatforms) = postSolution
		{D9FCCED8-709E-C128-ECFB-D1DADB2D60A2}.Debug|Any CPU.ActiveCfg = Debug|Any CPU
		{D9FCCED8-709E-C128-ECFB-D1DADB2D60A2}.Debug|Any CPU.Build.0 = Debug|Any CPU
		{D9FCCED8-709E-C128-ECFB-D1DADB2D60A2}.Release|Any CPU.ActiveCfg = Release|Any CPU
		{D9FCCED8-709E-C128-ECFB-D1DADB2D60A2}.Release|Any CPU.Build.0 = Release|Any CPU
		{1AC6719C-9E93-3274-AA3C-D76CE9F3575D}.Debug|Any CPU.ActiveCfg = Debug|Any CPU
		{1AC6719C-9E93-3274-AA3C-D76CE9F3575D}.Debug|Any CPU.Build.0 = Debug|Any CPU
		{1AC6719C-9E93-3274-AA3C-D76CE9F3575D}.Release|Any CPU.ActiveCfg = Release|Any CPU
		{1AC6719C-9E93-3274-AA3C-D76CE9F3575D}.Release|Any CPU.Build.0 = Release|Any CPU
		{2D5ADA31-A5DE-B2FB-DAF9-1806B438BC4D}.Debug|Any CPU.ActiveCfg = Debug|Any CPU
		{2D5ADA31-A5DE-B2FB-DAF9-1806B438BC4D}.Debug|Any CPU.Build.0 = Debug|Any CPU
		{2D5ADA31-A5DE-B2FB-DAF9-1806B438BC4D}.Release|Any CPU.ActiveCfg = Release|Any CPU
		{2D5ADA31-A5DE-B2FB-DAF9-1806B438BC4D}.Release|Any CPU.Build.0 = Release|Any CPU
		{3E61E62B-1516-55D3-5C2C-F4A05DE5175C}.Debug|Any CPU.ActiveCfg = Debug|Any CPU
		{3E61E62B-1516-55D3-5C2C-F4A05DE5175C}.Debug|Any CPU.Build.0 = Debug|Any CPU
		{3E61E62B-1516-55D3-5C2C-F4A05DE5175C}.Release|Any CPU.ActiveCfg = Release|Any CPU
		{3E61E62B-1516-55D3-5C2C-F4A05DE5175C}.Release|Any CPU.Build.0 = Release|Any CPU
		{FB25CC82-6B13-4A03-CB29-6A8B86AB32F4}.Debug|Any CPU.ActiveCfg = Debug|Any CPU
		{FB25CC82-6B13-4A03-CB29-6A8B86AB32F4}.Debug|Any CPU.Build.0 = Debug|Any CPU
		{FB25CC82-6B13-4A03-CB29-6A8B86AB32F4}.Release|Any CPU.ActiveCfg = Release|Any CPU
		{FB25CC82-6B13-4A03-CB29-6A8B86AB32F4}.Release|Any CPU.Build.0 = Release|Any CPU
		{BDDB56A5-A269-31C5-F681-83930DD47D86}.Debug|Any CPU.ActiveCfg = Debug|Any CPU
		{BDDB56A5-A269-31C5-F681-83930DD47D86}.Debug|Any CPU.Build.0 = Debug|Any CPU
		{BDDB56A5-A269-31C5-F681-83930DD47D86}.Release|Any CPU.ActiveCfg = Release|Any CPU
		{BDDB56A5-A269-31C5-F681-83930DD47D86}.Release|Any CPU.Build.0 = Release|Any CPU
		{CC1C4E5D-04AA-81F6-2FD1-287B5B3E22D8}.Debug|Any CPU.ActiveCfg = Debug|Any CPU
		{CC1C4E5D-04AA-81F6-2FD1-287B5B3E22D8}.Debug|Any CPU.Build.0 = Debug|Any CPU
		{CC1C4E5D-04AA-81F6-2FD1-287B5B3E22D8}.Release|Any CPU.ActiveCfg = Release|Any CPU
		{CC1C4E5D-04AA-81F6-2FD1-287B5B3E22D8}.Release|Any CPU.Build.0 = Release|Any CPU
		{D44A64FB-B8DB-CB8F-8AF7-BF2907842E82}.Debug|Any CPU.ActiveCfg = Debug|Any CPU
		{D44A64FB-B8DB-CB8F-8AF7-BF2907842E82}.Debug|Any CPU.Build.0 = Debug|Any CPU
		{D44A64FB-B8DB-CB8F-8AF7-BF2907842E82}.Release|Any CPU.ActiveCfg = Release|Any CPU
		{D44A64FB-B8DB-CB8F-8AF7-BF2907842E82}.Release|Any CPU.Build.0 = Release|Any CPU
		{09049B9C-5889-15E4-EF9D-685482E0F7E3}.Debug|Any CPU.ActiveCfg = Debug|Any CPU
		{09049B9C-5889-15E4-EF9D-685482E0F7E3}.Debug|Any CPU.Build.0 = Debug|Any CPU
		{09049B9C-5889-15E4-EF9D-685482E0F7E3}.Release|Any CPU.ActiveCfg = Release|Any CPU
		{09049B9C-5889-15E4-EF9D-685482E0F7E3}.Release|Any CPU.Build.0 = Release|Any CPU
		{5B571C8D-C008-29BF-DD38-9DD84884C1AC}.Debug|Any CPU.ActiveCfg = Debug|Any CPU
		{5B571C8D-C008-29BF-DD38-9DD84884C1AC}.Debug|Any CPU.Build.0 = Debug|Any CPU
		{5B571C8D-C008-29BF-DD38-9DD84884C1AC}.Release|Any CPU.ActiveCfg = Release|Any CPU
		{5B571C8D-C008-29BF-DD38-9DD84884C1AC}.Release|Any CPU.Build.0 = Release|Any CPU
		{E9313D2D-D944-E668-EC0B-C1410623167B}.Debug|Any CPU.ActiveCfg = Debug|Any CPU
		{E9313D2D-D944-E668-EC0B-C1410623167B}.Debug|Any CPU.Build.0 = Debug|Any CPU
		{E9313D2D-D944-E668-EC0B-C1410623167B}.Release|Any CPU.ActiveCfg = Release|Any CPU
		{E9313D2D-D944-E668-EC0B-C1410623167B}.Release|Any CPU.Build.0 = Release|Any CPU
		{EEC3766E-2345-3433-831D-48229AA28BEC}.Debug|Any CPU.ActiveCfg = Debug|Any CPU
		{EEC3766E-2345-3433-831D-48229AA28BEC}.Debug|Any CPU.Build.0 = Debug|Any CPU
		{EEC3766E-2345-3433-831D-48229AA28BEC}.Release|Any CPU.ActiveCfg = Release|Any CPU
		{EEC3766E-2345-3433-831D-48229AA28BEC}.Release|Any CPU.Build.0 = Release|Any CPU
		{E0E1C2C9-7284-ED64-C72F-DE8D2C0FE4DB}.Debug|Any CPU.ActiveCfg = Debug|Any CPU
		{E0E1C2C9-7284-ED64-C72F-DE8D2C0FE4DB}.Debug|Any CPU.Build.0 = Debug|Any CPU
		{E0E1C2C9-7284-ED64-C72F-DE8D2C0FE4DB}.Release|Any CPU.ActiveCfg = Release|Any CPU
		{E0E1C2C9-7284-ED64-C72F-DE8D2C0FE4DB}.Release|Any CPU.Build.0 = Release|Any CPU
		{533BFB4F-2C43-6593-9432-0B2D2AAD39DF}.Debug|Any CPU.ActiveCfg = Debug|Any CPU
		{533BFB4F-2C43-6593-9432-0B2D2AAD39DF}.Debug|Any CPU.Build.0 = Debug|Any CPU
		{533BFB4F-2C43-6593-9432-0B2D2AAD39DF}.Release|Any CPU.ActiveCfg = Release|Any CPU
		{533BFB4F-2C43-6593-9432-0B2D2AAD39DF}.Release|Any CPU.Build.0 = Release|Any CPU
	EndGlobalSection
	GlobalSection(SolutionProperties) = preSolution
		HideSolutionNode = FALSE
	EndGlobalSection
EndGlobal
